{
  "version": 4,
  "terraform_version": "1.3.7",
  "serial": 3,
  "lineage": "34ade1eb-44b1-acc1-0dc7-eaa825e4bcc0",
  "outputs": {},
  "resources": [
    {
      "mode": "managed",
      "type": "azurerm_resource_group",
      "name": "test-rg",
      "provider": "provider[\"registry.terraform.io/hashicorp/azurerm\"]",
      "instances": [
        {
          "schema_version": 0,
          "attributes": {
            "id": "/subscriptions/e758de12-2b3b-4c75-b042-a556ca59ee3e/resourceGroups/test-resources",
            "location": "eastus",
            "name": "test-resources",
            "tags": {
              "environment": "online_test"
            },
            "timeouts": null
          },
          "sensitive_attributes": [],
          "private": "eyJlMmJmYjczMC1lY2FhLTExZTYtOGY4OC0zNDM2M2JjN2M0YzAiOnsiY3JlYXRlIjo1NDAwMDAwMDAwMDAwLCJkZWxldGUiOjU0MDAwMDAwMDAwMDAsInJlYWQiOjMwMDAwMDAwMDAwMCwidXBkYXRlIjo1NDAwMDAwMDAwMDAwfX0="
        }
      ]
    },
    {
      "mode": "managed",
      "type": "azurerm_virtual_network",
      "name": "test-vnet",
      "provider": "provider[\"registry.terraform.io/hashicorp/azurerm\"]",
      "instances": [
        {
          "schema_version": 0,
          "attributes": {
            "address_space": [
              "10.123.0.0/16"
            ],
            "bgp_community": "",
            "ddos_protection_plan": [],
            "dns_servers": [],
            "edge_zone": "",
            "flow_timeout_in_minutes": 0,
            "guid": "9911d638-d17b-4835-b171-f69adf6e696e",
            "id": "/subscriptions/e758de12-2b3b-4c75-b042-a556ca59ee3e/resourceGroups/test-resources/providers/Microsoft.Network/virtualNetworks/test-network",
            "location": "eastus",
            "name": "test-network",
            "resource_group_name": "test-resources",
            "subnet": [],
            "tags": {
              "environment": "online_test"
            },
            "timeouts": null
          },
          "sensitive_attributes": [],
          "private": "eyJlMmJmYjczMC1lY2FhLTExZTYtOGY4OC0zNDM2M2JjN2M0YzAiOnsiY3JlYXRlIjoxODAwMDAwMDAwMDAwLCJkZWxldGUiOjE4MDAwMDAwMDAwMDAsInJlYWQiOjMwMDAwMDAwMDAwMCwidXBkYXRlIjoxODAwMDAwMDAwMDAwfX0=",
          "dependencies": [
            "azurerm_resource_group.test-rg"
          ]
        }
      ]
    }
  ],
  "check_results": null
}
