{
  "version": 4,
  "terraform_version": "1.3.7",
  "serial": 78,
  "lineage": "34ade1eb-44b1-acc1-0dc7-eaa825e4bcc0",
  "outputs": {},
  "resources": [
    {
      "mode": "managed",
      "type": "azurerm_linux_virtual_machine",
      "name": "web-server",
      "provider": "provider[\"registry.terraform.io/hashicorp/azurerm\"]",
      "instances": [
        {
          "schema_version": 0,
          "attributes": {
            "additional_capabilities": [],
            "admin_password": null,
            "admin_ssh_key": [
              {
                "public_key": "ssh-rsa AAAAB3NzaC1yc2EAAAADAQABAAABgQDEkBsljfyR8Pi4+vIT0HDbufMcujhwSGOolbfzSUJ+375nIlvIMUluJCHgd9sg+uteEPBRVJKzP3T5OcmpUWhaMyiEkQUXl7JcVERZILaKUSrPTTLdQH8XxeseVyITBk7L2PEvyUuTO/++EuHK8dXwt9QfWEUjglQJAkXlvGZwXPu6DQHkY3D7YcqokcmDbIprPVD5Mb8Kzzr40ne0e3RipcJoCwQ1OdX5kdUJjWVAVNOlvhPY/+yi5gng7tNulBQaEKgWWj0EgIam0bsr+Xd1xtaIPwbiJbqMajBVbzPZTe1R7RPE7Z/xSc5+P1woj8H7U0lXhg988YBrU/B41MpS/grsAFPUgtvIv49uX3jr5v9LzL2s/jbsJKZIfGzk5cNpH9bRo0HsDseP17KmRhVGJPhdCiFhd3BQuVUHi26JKhMNhO1/e1ouBkyQobVgzI7OL8hFoarwtT6K6UrbiceZic9bIvAtb0ndncvTJa7KUrtZGn4KeKzEAQl0pBC+1JU= dh\\adkulka@BSOLT-ADKULKA\r\n",
                "username": "adminuser"
              }
            ],
            "admin_username": "adminuser",
            "allow_extension_operations": true,
            "availability_set_id": "",
            "boot_diagnostics": [],
            "computer_name": "web-server",
            "custom_data": "IyEvYmluL2Jhc2gKCnN1ZG8gYXB0LWdldCB1cGRhdGUgLXkgJiYKc3VkbyBhcHQtZ2V0IGluc3RhbGwgYXBhY2hlMiAteQ==",
            "dedicated_host_group_id": "",
            "dedicated_host_id": "",
            "disable_password_authentication": true,
            "edge_zone": "",
            "encryption_at_host_enabled": false,
            "eviction_policy": "",
            "extensions_time_budget": "PT1H30M",
            "id": "/subscriptions/e758de12-2b3b-4c75-b042-a556ca59ee3e/resourceGroups/test-resources/providers/Microsoft.Compute/virtualMachines/web-server",
            "identity": [],
            "license_type": "",
            "location": "eastus",
            "max_bid_price": -1,
            "name": "web-server",
            "network_interface_ids": [
              "/subscriptions/e758de12-2b3b-4c75-b042-a556ca59ee3e/resourceGroups/test-resources/providers/Microsoft.Network/networkInterfaces/web-nic"
            ],
            "os_disk": [
              {
                "caching": "ReadWrite",
                "diff_disk_settings": [],
                "disk_encryption_set_id": "",
                "disk_size_gb": 30,
                "name": "web-server_OsDisk_1_e16e42adc2654ed0ab08756154b1cb6a",
                "storage_account_type": "Standard_LRS",
                "write_accelerator_enabled": false
              }
            ],
            "patch_mode": "ImageDefault",
            "plan": [],
            "platform_fault_domain": -1,
            "priority": "Regular",
            "private_ip_address": "10.123.1.4",
            "private_ip_addresses": [
              "10.123.1.4"
            ],
            "provision_vm_agent": true,
            "proximity_placement_group_id": "",
            "public_ip_address": "52.249.185.93",
            "public_ip_addresses": [
              "52.249.185.93"
            ],
            "resource_group_name": "test-resources",
            "secret": [],
            "secure_boot_enabled": false,
            "size": "Standard_B1s",
            "source_image_id": "",
            "source_image_reference": [
              {
                "offer": "UbuntuServer",
                "publisher": "Canonical",
                "sku": "18.04-LTS",
                "version": "latest"
              }
            ],
            "tags": {
              "environment": "online_test"
            },
            "termination_notification": null,
            "timeouts": null,
            "user_data": "",
            "virtual_machine_id": "bd65ace6-8ad5-459d-9366-fa4e05ada528",
            "virtual_machine_scale_set_id": "",
            "vtpm_enabled": false,
            "zone": ""
          },
          "sensitive_attributes": [],
          "private": "eyJlMmJmYjczMC1lY2FhLTExZTYtOGY4OC0zNDM2M2JjN2M0YzAiOnsiY3JlYXRlIjoyNzAwMDAwMDAwMDAwLCJkZWxldGUiOjI3MDAwMDAwMDAwMDAsInJlYWQiOjMwMDAwMDAwMDAwMCwidXBkYXRlIjoyNzAwMDAwMDAwMDAwfX0=",
          "dependencies": [
            "azurerm_network_interface.web-nic",
            "azurerm_resource_group.project-rg"
          ]
        }
      ]
    },
    {
      "mode": "managed",
      "type": "azurerm_network_interface",
      "name": "web-nic",
      "provider": "provider[\"registry.terraform.io/hashicorp/azurerm\"]",
      "instances": [
        {
          "schema_version": 0,
          "attributes": {
            "applied_dns_servers": [],
            "dns_servers": [],
            "edge_zone": "",
            "enable_accelerated_networking": false,
            "enable_ip_forwarding": false,
            "id": "/subscriptions/e758de12-2b3b-4c75-b042-a556ca59ee3e/resourceGroups/test-resources/providers/Microsoft.Network/networkInterfaces/web-nic",
            "internal_dns_name_label": "",
            "internal_domain_name_suffix": "3e2sgzmgdsxubfiwwthndahz4c.bx.internal.cloudapp.net",
            "ip_configuration": [
              {
                "gateway_load_balancer_frontend_ip_configuration_id": "",
                "name": "internal",
                "primary": true,
                "private_ip_address": "10.123.1.4",
                "private_ip_address_allocation": "Dynamic",
                "private_ip_address_version": "IPv4",
                "public_ip_address_id": "/subscriptions/e758de12-2b3b-4c75-b042-a556ca59ee3e/resourceGroups/test-resources/providers/Microsoft.Network/publicIPAddresses/web-pip",
                "subnet_id": "/subscriptions/e758de12-2b3b-4c75-b042-a556ca59ee3e/resourceGroups/test-resources/providers/Microsoft.Network/virtualNetworks/test-network/subnets/web-subnet"
              }
            ],
            "location": "eastus",
            "mac_address": "00-22-48-25-B4-D0",
            "name": "web-nic",
            "private_ip_address": "10.123.1.4",
            "private_ip_addresses": [
              "10.123.1.4"
            ],
            "resource_group_name": "test-resources",
            "tags": {
              "environment": "online_test"
            },
            "timeouts": null,
            "virtual_machine_id": "/subscriptions/e758de12-2b3b-4c75-b042-a556ca59ee3e/resourceGroups/test-resources/providers/Microsoft.Compute/virtualMachines/web-server"
          },
          "sensitive_attributes": [],
          "private": "eyJlMmJmYjczMC1lY2FhLTExZTYtOGY4OC0zNDM2M2JjN2M0YzAiOnsiY3JlYXRlIjoxODAwMDAwMDAwMDAwLCJkZWxldGUiOjE4MDAwMDAwMDAwMDAsInJlYWQiOjMwMDAwMDAwMDAwMCwidXBkYXRlIjoxODAwMDAwMDAwMDAwfX0=",
          "dependencies": [
            "azurerm_public_ip.web-pip",
            "azurerm_resource_group.project-rg",
            "azurerm_subnet.web-subnet",
            "azurerm_virtual_network.project-vnet"
          ]
        }
      ]
    },
    {
      "mode": "managed",
      "type": "azurerm_network_security_group",
      "name": "app-sg",
      "provider": "provider[\"registry.terraform.io/hashicorp/azurerm\"]",
      "instances": [
        {
          "schema_version": 0,
          "attributes": {
            "id": "/subscriptions/e758de12-2b3b-4c75-b042-a556ca59ee3e/resourceGroups/test-resources/providers/Microsoft.Network/networkSecurityGroups/app-sg",
            "location": "eastus",
            "name": "app-sg",
            "resource_group_name": "test-resources",
            "security_rule": [
              {
                "access": "Allow",
                "description": "",
                "destination_address_prefix": "*",
                "destination_address_prefixes": [],
                "destination_application_security_group_ids": [],
                "destination_port_range": "*",
                "destination_port_ranges": [],
                "direction": "Inbound",
                "name": "app-rule",
                "priority": 100,
                "protocol": "Tcp",
                "source_address_prefix": "*",
                "source_address_prefixes": [],
                "source_application_security_group_ids": [],
                "source_port_range": "*",
                "source_port_ranges": []
              }
            ],
            "tags": {
              "environment": "online_test"
            },
            "timeouts": null
          },
          "sensitive_attributes": [],
          "private": "eyJlMmJmYjczMC1lY2FhLTExZTYtOGY4OC0zNDM2M2JjN2M0YzAiOnsiY3JlYXRlIjoxODAwMDAwMDAwMDAwLCJkZWxldGUiOjE4MDAwMDAwMDAwMDAsInJlYWQiOjMwMDAwMDAwMDAwMCwidXBkYXRlIjoxODAwMDAwMDAwMDAwfX0=",
          "dependencies": [
            "azurerm_resource_group.project-rg"
          ]
        }
      ]
    },
    {
      "mode": "managed",
      "type": "azurerm_network_security_group",
      "name": "db-sg",
      "provider": "provider[\"registry.terraform.io/hashicorp/azurerm\"]",
      "instances": [
        {
          "schema_version": 0,
          "attributes": {
            "id": "/subscriptions/e758de12-2b3b-4c75-b042-a556ca59ee3e/resourceGroups/test-resources/providers/Microsoft.Network/networkSecurityGroups/db-sg",
            "location": "eastus",
            "name": "db-sg",
            "resource_group_name": "test-resources",
            "security_rule": [
              {
                "access": "Allow",
                "description": "",
                "destination_address_prefix": "*",
                "destination_address_prefixes": [],
                "destination_application_security_group_ids": [],
                "destination_port_range": "*",
                "destination_port_ranges": [],
                "direction": "Inbound",
                "name": "db-rule",
                "priority": 100,
                "protocol": "Tcp",
                "source_address_prefix": "*",
                "source_address_prefixes": [],
                "source_application_security_group_ids": [],
                "source_port_range": "*",
                "source_port_ranges": []
              }
            ],
            "tags": {
              "environment": "online_test"
            },
            "timeouts": null
          },
          "sensitive_attributes": [],
          "private": "eyJlMmJmYjczMC1lY2FhLTExZTYtOGY4OC0zNDM2M2JjN2M0YzAiOnsiY3JlYXRlIjoxODAwMDAwMDAwMDAwLCJkZWxldGUiOjE4MDAwMDAwMDAwMDAsInJlYWQiOjMwMDAwMDAwMDAwMCwidXBkYXRlIjoxODAwMDAwMDAwMDAwfX0=",
          "dependencies": [
            "azurerm_resource_group.project-rg"
          ]
        }
      ]
    },
    {
      "mode": "managed",
      "type": "azurerm_network_security_group",
      "name": "web-sg",
      "provider": "provider[\"registry.terraform.io/hashicorp/azurerm\"]",
      "instances": [
        {
          "schema_version": 0,
          "attributes": {
            "id": "/subscriptions/e758de12-2b3b-4c75-b042-a556ca59ee3e/resourceGroups/test-resources/providers/Microsoft.Network/networkSecurityGroups/web-sg",
            "location": "eastus",
            "name": "web-sg",
            "resource_group_name": "test-resources",
            "security_rule": [
              {
                "access": "Allow",
                "description": "",
                "destination_address_prefix": "*",
                "destination_address_prefixes": [],
                "destination_application_security_group_ids": [],
                "destination_port_range": "*",
                "destination_port_ranges": [],
                "direction": "Inbound",
                "name": "web-rule",
                "priority": 100,
                "protocol": "Tcp",
                "source_address_prefix": "*",
                "source_address_prefixes": [],
                "source_application_security_group_ids": [],
                "source_port_range": "*",
                "source_port_ranges": []
              }
            ],
            "tags": {
              "environment": "online_test"
            },
            "timeouts": null
          },
          "sensitive_attributes": [],
          "private": "eyJlMmJmYjczMC1lY2FhLTExZTYtOGY4OC0zNDM2M2JjN2M0YzAiOnsiY3JlYXRlIjoxODAwMDAwMDAwMDAwLCJkZWxldGUiOjE4MDAwMDAwMDAwMDAsInJlYWQiOjMwMDAwMDAwMDAwMCwidXBkYXRlIjoxODAwMDAwMDAwMDAwfX0=",
          "dependencies": [
            "azurerm_resource_group.project-rg"
          ]
        }
      ]
    },
    {
      "mode": "managed",
      "type": "azurerm_public_ip",
      "name": "web-pip",
      "provider": "provider[\"registry.terraform.io/hashicorp/azurerm\"]",
      "instances": [
        {
          "schema_version": 0,
          "attributes": {
            "allocation_method": "Dynamic",
            "domain_name_label": null,
            "edge_zone": "",
            "fqdn": null,
            "id": "/subscriptions/e758de12-2b3b-4c75-b042-a556ca59ee3e/resourceGroups/test-resources/providers/Microsoft.Network/publicIPAddresses/web-pip",
            "idle_timeout_in_minutes": 4,
            "ip_address": "20.127.36.109",
            "ip_tags": {},
            "ip_version": "IPv4",
            "location": "eastus",
            "name": "web-pip",
            "public_ip_prefix_id": null,
            "resource_group_name": "test-resources",
            "reverse_fqdn": null,
            "sku": "Basic",
            "sku_tier": "Regional",
            "tags": {
              "environment": "online_test"
            },
            "timeouts": null,
            "zones": []
          },
          "sensitive_attributes": [],
          "private": "eyJlMmJmYjczMC1lY2FhLTExZTYtOGY4OC0zNDM2M2JjN2M0YzAiOnsiY3JlYXRlIjoxODAwMDAwMDAwMDAwLCJkZWxldGUiOjE4MDAwMDAwMDAwMDAsInJlYWQiOjMwMDAwMDAwMDAwMCwidXBkYXRlIjoxODAwMDAwMDAwMDAwfX0=",
          "dependencies": [
            "azurerm_resource_group.project-rg"
          ]
        }
      ]
    },
    {
      "mode": "managed",
      "type": "azurerm_resource_group",
      "name": "project-rg",
      "provider": "provider[\"registry.terraform.io/hashicorp/azurerm\"]",
      "instances": [
        {
          "schema_version": 0,
          "attributes": {
            "id": "/subscriptions/e758de12-2b3b-4c75-b042-a556ca59ee3e/resourceGroups/test-resources",
            "location": "eastus",
            "name": "test-resources",
            "tags": {
              "environment": "online_test"
            },
            "timeouts": null
          },
          "sensitive_attributes": [],
          "private": "eyJlMmJmYjczMC1lY2FhLTExZTYtOGY4OC0zNDM2M2JjN2M0YzAiOnsiY3JlYXRlIjo1NDAwMDAwMDAwMDAwLCJkZWxldGUiOjU0MDAwMDAwMDAwMDAsInJlYWQiOjMwMDAwMDAwMDAwMCwidXBkYXRlIjo1NDAwMDAwMDAwMDAwfX0="
        }
      ]
    },
    {
      "mode": "managed",
      "type": "azurerm_subnet",
      "name": "app-subnet",
      "provider": "provider[\"registry.terraform.io/hashicorp/azurerm\"]",
      "instances": [
        {
          "schema_version": 0,
          "attributes": {
            "address_prefixes": [
              "10.123.2.0/24"
            ],
            "delegation": [],
            "enforce_private_link_endpoint_network_policies": false,
            "enforce_private_link_service_network_policies": false,
            "id": "/subscriptions/e758de12-2b3b-4c75-b042-a556ca59ee3e/resourceGroups/test-resources/providers/Microsoft.Network/virtualNetworks/test-network/subnets/app-subnet",
            "name": "app-subnet",
            "resource_group_name": "test-resources",
            "service_endpoint_policy_ids": [],
            "service_endpoints": [],
            "timeouts": null,
            "virtual_network_name": "test-network"
          },
          "sensitive_attributes": [],
          "private": "eyJlMmJmYjczMC1lY2FhLTExZTYtOGY4OC0zNDM2M2JjN2M0YzAiOnsiY3JlYXRlIjoxODAwMDAwMDAwMDAwLCJkZWxldGUiOjE4MDAwMDAwMDAwMDAsInJlYWQiOjMwMDAwMDAwMDAwMCwidXBkYXRlIjoxODAwMDAwMDAwMDAwfX0=",
          "dependencies": [
            "azurerm_resource_group.project-rg",
            "azurerm_virtual_network.project-vnet"
          ]
        }
      ]
    },
    {
      "mode": "managed",
      "type": "azurerm_subnet",
      "name": "db-subnet",
      "provider": "provider[\"registry.terraform.io/hashicorp/azurerm\"]",
      "instances": [
        {
          "schema_version": 0,
          "attributes": {
            "address_prefixes": [
              "10.123.3.0/24"
            ],
            "delegation": [],
            "enforce_private_link_endpoint_network_policies": false,
            "enforce_private_link_service_network_policies": false,
            "id": "/subscriptions/e758de12-2b3b-4c75-b042-a556ca59ee3e/resourceGroups/test-resources/providers/Microsoft.Network/virtualNetworks/test-network/subnets/db-subnet",
            "name": "db-subnet",
            "resource_group_name": "test-resources",
            "service_endpoint_policy_ids": [],
            "service_endpoints": [],
            "timeouts": null,
            "virtual_network_name": "test-network"
          },
          "sensitive_attributes": [],
          "private": "eyJlMmJmYjczMC1lY2FhLTExZTYtOGY4OC0zNDM2M2JjN2M0YzAiOnsiY3JlYXRlIjoxODAwMDAwMDAwMDAwLCJkZWxldGUiOjE4MDAwMDAwMDAwMDAsInJlYWQiOjMwMDAwMDAwMDAwMCwidXBkYXRlIjoxODAwMDAwMDAwMDAwfX0=",
          "dependencies": [
            "azurerm_resource_group.project-rg",
            "azurerm_virtual_network.project-vnet"
          ]
        }
      ]
    },
    {
      "mode": "managed",
      "type": "azurerm_subnet",
      "name": "web-subnet",
      "provider": "provider[\"registry.terraform.io/hashicorp/azurerm\"]",
      "instances": [
        {
          "schema_version": 0,
          "attributes": {
            "address_prefixes": [
              "10.123.1.0/24"
            ],
            "delegation": [],
            "enforce_private_link_endpoint_network_policies": false,
            "enforce_private_link_service_network_policies": false,
            "id": "/subscriptions/e758de12-2b3b-4c75-b042-a556ca59ee3e/resourceGroups/test-resources/providers/Microsoft.Network/virtualNetworks/test-network/subnets/web-subnet",
            "name": "web-subnet",
            "resource_group_name": "test-resources",
            "service_endpoint_policy_ids": [],
            "service_endpoints": [],
            "timeouts": null,
            "virtual_network_name": "test-network"
          },
          "sensitive_attributes": [],
          "private": "eyJlMmJmYjczMC1lY2FhLTExZTYtOGY4OC0zNDM2M2JjN2M0YzAiOnsiY3JlYXRlIjoxODAwMDAwMDAwMDAwLCJkZWxldGUiOjE4MDAwMDAwMDAwMDAsInJlYWQiOjMwMDAwMDAwMDAwMCwidXBkYXRlIjoxODAwMDAwMDAwMDAwfX0=",
          "dependencies": [
            "azurerm_resource_group.project-rg",
            "azurerm_virtual_network.project-vnet"
          ]
        }
      ]
    },
    {
      "mode": "managed",
      "type": "azurerm_subnet_network_security_group_association",
      "name": "app-sga",
      "provider": "provider[\"registry.terraform.io/hashicorp/azurerm\"]",
      "instances": [
        {
          "schema_version": 0,
          "attributes": {
            "id": "/subscriptions/e758de12-2b3b-4c75-b042-a556ca59ee3e/resourceGroups/test-resources/providers/Microsoft.Network/virtualNetworks/test-network/subnets/app-subnet",
            "network_security_group_id": "/subscriptions/e758de12-2b3b-4c75-b042-a556ca59ee3e/resourceGroups/test-resources/providers/Microsoft.Network/networkSecurityGroups/app-sg",
            "subnet_id": "/subscriptions/e758de12-2b3b-4c75-b042-a556ca59ee3e/resourceGroups/test-resources/providers/Microsoft.Network/virtualNetworks/test-network/subnets/app-subnet",
            "timeouts": null
          },
          "sensitive_attributes": [],
          "private": "eyJlMmJmYjczMC1lY2FhLTExZTYtOGY4OC0zNDM2M2JjN2M0YzAiOnsiY3JlYXRlIjoxODAwMDAwMDAwMDAwLCJkZWxldGUiOjE4MDAwMDAwMDAwMDAsInJlYWQiOjMwMDAwMDAwMDAwMCwidXBkYXRlIjoxODAwMDAwMDAwMDAwfX0=",
          "dependencies": [
            "azurerm_network_security_group.app-sg",
            "azurerm_resource_group.project-rg",
            "azurerm_subnet.app-subnet",
            "azurerm_virtual_network.project-vnet"
          ]
        }
      ]
    },
    {
      "mode": "managed",
      "type": "azurerm_subnet_network_security_group_association",
      "name": "db-sga",
      "provider": "provider[\"registry.terraform.io/hashicorp/azurerm\"]",
      "instances": [
        {
          "schema_version": 0,
          "attributes": {
            "id": "/subscriptions/e758de12-2b3b-4c75-b042-a556ca59ee3e/resourceGroups/test-resources/providers/Microsoft.Network/virtualNetworks/test-network/subnets/db-subnet",
            "network_security_group_id": "/subscriptions/e758de12-2b3b-4c75-b042-a556ca59ee3e/resourceGroups/test-resources/providers/Microsoft.Network/networkSecurityGroups/db-sg",
            "subnet_id": "/subscriptions/e758de12-2b3b-4c75-b042-a556ca59ee3e/resourceGroups/test-resources/providers/Microsoft.Network/virtualNetworks/test-network/subnets/db-subnet",
            "timeouts": null
          },
          "sensitive_attributes": [],
          "private": "eyJlMmJmYjczMC1lY2FhLTExZTYtOGY4OC0zNDM2M2JjN2M0YzAiOnsiY3JlYXRlIjoxODAwMDAwMDAwMDAwLCJkZWxldGUiOjE4MDAwMDAwMDAwMDAsInJlYWQiOjMwMDAwMDAwMDAwMCwidXBkYXRlIjoxODAwMDAwMDAwMDAwfX0=",
          "dependencies": [
            "azurerm_network_security_group.db-sg",
            "azurerm_resource_group.project-rg",
            "azurerm_subnet.db-subnet",
            "azurerm_virtual_network.project-vnet"
          ]
        }
      ]
    },
    {
      "mode": "managed",
      "type": "azurerm_subnet_network_security_group_association",
      "name": "web-sga",
      "provider": "provider[\"registry.terraform.io/hashicorp/azurerm\"]",
      "instances": [
        {
          "schema_version": 0,
          "attributes": {
            "id": "/subscriptions/e758de12-2b3b-4c75-b042-a556ca59ee3e/resourceGroups/test-resources/providers/Microsoft.Network/virtualNetworks/test-network/subnets/web-subnet",
            "network_security_group_id": "/subscriptions/e758de12-2b3b-4c75-b042-a556ca59ee3e/resourceGroups/test-resources/providers/Microsoft.Network/networkSecurityGroups/web-sg",
            "subnet_id": "/subscriptions/e758de12-2b3b-4c75-b042-a556ca59ee3e/resourceGroups/test-resources/providers/Microsoft.Network/virtualNetworks/test-network/subnets/web-subnet",
            "timeouts": null
          },
          "sensitive_attributes": [],
          "private": "eyJlMmJmYjczMC1lY2FhLTExZTYtOGY4OC0zNDM2M2JjN2M0YzAiOnsiY3JlYXRlIjoxODAwMDAwMDAwMDAwLCJkZWxldGUiOjE4MDAwMDAwMDAwMDAsInJlYWQiOjMwMDAwMDAwMDAwMCwidXBkYXRlIjoxODAwMDAwMDAwMDAwfX0=",
          "dependencies": [
            "azurerm_network_security_group.web-sg",
            "azurerm_resource_group.project-rg",
            "azurerm_subnet.web-subnet",
            "azurerm_virtual_network.project-vnet"
          ]
        }
      ]
    },
    {
      "mode": "managed",
      "type": "azurerm_virtual_network",
      "name": "project-vnet",
      "provider": "provider[\"registry.terraform.io/hashicorp/azurerm\"]",
      "instances": [
        {
          "schema_version": 0,
          "attributes": {
            "address_space": [
              "10.123.0.0/16"
            ],
            "bgp_community": "",
            "ddos_protection_plan": [],
            "dns_servers": [],
            "edge_zone": "",
            "flow_timeout_in_minutes": 0,
            "guid": "652339e9-1c86-40af-9516-b4ced180f9f2",
            "id": "/subscriptions/e758de12-2b3b-4c75-b042-a556ca59ee3e/resourceGroups/test-resources/providers/Microsoft.Network/virtualNetworks/test-network",
            "location": "eastus",
            "name": "test-network",
            "resource_group_name": "test-resources",
            "subnet": [
              {
                "address_prefix": "10.123.1.0/24",
                "id": "/subscriptions/e758de12-2b3b-4c75-b042-a556ca59ee3e/resourceGroups/test-resources/providers/Microsoft.Network/virtualNetworks/test-network/subnets/web-subnet",
                "name": "web-subnet",
                "security_group": "/subscriptions/e758de12-2b3b-4c75-b042-a556ca59ee3e/resourceGroups/test-resources/providers/Microsoft.Network/networkSecurityGroups/web-sg"
              },
              {
                "address_prefix": "10.123.2.0/24",
                "id": "/subscriptions/e758de12-2b3b-4c75-b042-a556ca59ee3e/resourceGroups/test-resources/providers/Microsoft.Network/virtualNetworks/test-network/subnets/app-subnet",
                "name": "app-subnet",
                "security_group": "/subscriptions/e758de12-2b3b-4c75-b042-a556ca59ee3e/resourceGroups/test-resources/providers/Microsoft.Network/networkSecurityGroups/app-sg"
              },
              {
                "address_prefix": "10.123.3.0/24",
                "id": "/subscriptions/e758de12-2b3b-4c75-b042-a556ca59ee3e/resourceGroups/test-resources/providers/Microsoft.Network/virtualNetworks/test-network/subnets/db-subnet",
                "name": "db-subnet",
                "security_group": "/subscriptions/e758de12-2b3b-4c75-b042-a556ca59ee3e/resourceGroups/test-resources/providers/Microsoft.Network/networkSecurityGroups/db-sg"
              }
            ],
            "tags": {
              "environment": "online_test"
            },
            "timeouts": null
          },
          "sensitive_attributes": [],
          "private": "eyJlMmJmYjczMC1lY2FhLTExZTYtOGY4OC0zNDM2M2JjN2M0YzAiOnsiY3JlYXRlIjoxODAwMDAwMDAwMDAwLCJkZWxldGUiOjE4MDAwMDAwMDAwMDAsInJlYWQiOjMwMDAwMDAwMDAwMCwidXBkYXRlIjoxODAwMDAwMDAwMDAwfX0=",
          "dependencies": [
            "azurerm_resource_group.project-rg"
          ]
        }
      ]
    }
  ],
  "check_results": null
}
